github.com/embeddedgo/display v1.1.0 h1:jXlY6/FeaUV89hX+ANGpTKogZWjhgno7vrCh86WA8aY=
github.com/embeddedgo/display v1.1.0/go.mod h1:0sxxBoklqMbA1uBqEAg8Plntmwvt7cNsgxaf7UaS4yw=
github.com/gonutz/framebuffer v1.0.0 h1:wWFTPqT2+AQ2DllFTOhLWKaxGxUmXmMsMh2wWXgX0LQ=
github.com/gonutz/framebuffer v1.0.0/go.mod h1:wbfYEFSpBxkC4CWzipKZDlKisTkAWors57aJ99aqqhQ=
github.com/jonboulle/clockwork v0.3.0 h1:9BSCMi8C+0qdApAp4auwX0RkLGUjs956h0EkuQymUhg=
periph.io/x/conn/v3 v3.7.0 h1:f1EXLn4pkf7AEWwkol2gilCNZ0ElY+bxS4WE2PQXfrA=
periph.io/x/conn/v3 v3.7.0/go.mod h1:ypY7UVxgDbP9PJGwFSVelRRagxyXYfttVh7hJZUHEhg=
periph.io/x/host/v3 v3.8.0 h1:T5ojZ2wvnZHGPS4h95N2ZpcCyHnsvH3YRZ1UUUiv5CQ=
periph.io/x/host/v3 v3.8.0/go.mod h1:rzOLH+2g9bhc6pWZrkCrmytD4igwQ2vxFw6Wn6ZOlLY=
